
Microsoft Visual Studio Solution File, Format Version 12.00
# Visual Studio 15
VisualStudioVersion = 15.0.27130.2036
MinimumVisualStudioVersion = 10.0.40219.1
Project("{FAE04EC0-301F-11D3-BF4B-00C04F79EFBC}") = "PoolPatternExample", "PoolPatternExample\PoolPatternExample.csproj", "{39A71B02-A153-4A64-B3F8-D67EB187AF0B}"
EndProject
Global
	GlobalSection(SolutionConfigurationPlatforms) = preSolution
		Debug|Any CPU = Debug|Any CPU
		Release|Any CPU = Release|Any CPU
	EndGlobalSection
	GlobalSection(ProjectConfigurationPlatforms) = postSolution
		{39A71B02-A153-4A64-B3F8-D67EB187AF0B}.Debug|Any CPU.ActiveCfg = Debug|Any CPU
		{39A71B02-A153-4A64-B3F8-D67EB187AF0B}.Debug|Any CPU.Build.0 = Debug|Any CPU
		{39A71B02-A153-4A64-B3F8-D67EB187AF0B}.Release|Any CPU.ActiveCfg = Release|Any CPU
		{39A71B02-A153-4A64-B3F8-D67EB187AF0B}.Release|Any CPU.Build.0 = Release|Any CPU
	EndGlobalSection
	GlobalSection(SolutionProperties) = preSolution
		HideSolutionNode = FALSE
	EndGlobalSection
	GlobalSection(ExtensibilityGlobals) = postSolution
		SolutionGuid = {1AEC56FE-603C-43CC-BE49-FCFF14005EEE}
	EndGlobalSection
EndGlobal
